
Microsoft Visual Studio Solution File, Format Version 12.00
# Visual Studio Version 16
VisualStudioVersion = 16.0.31205.134
MinimumVisualStudioVersion = 10.0.40219.1
Project("{8BC9CEB8-8B4A-11D0-8D11-00A0C91BC942}") = "Nic_Wetzel_Midterm_Project", "Nic_Wetzel_Midterm_Project\Nic_Wetzel_Midterm_Project.vcxproj", "{01C33EFC-C312-4153-93E4-30C0B7A755E8}"
EndProject
Global
	GlobalSection(SolutionConfigurationPlatforms) = preSolution
		Debug|x64 = Debug|x64
		Debug|x86 = Debug|x86
		Release|x64 = Release|x64
		Release|x86 = Release|x86
	EndGlobalSection
	GlobalSection(ProjectConfigurationPlatforms) = postSolution
		{01C33EFC-C312-4153-93E4-30C0B7A755E8}.Debug|x64.ActiveCfg = Debug|x64
		{01C33EFC-C312-4153-93E4-30C0B7A755E8}.Debug|x64.Build.0 = Debug|x64
		{01C33EFC-C312-4153-93E4-30C0B7A755E8}.Debug|x86.ActiveCfg = Debug|Win32
		{01C33EFC-C312-4153-93E4-30C0B7A755E8}.Debug|x86.Build.0 = Debug|Win32
		{01C33EFC-C312-4153-93E4-30C0B7A755E8}.Release|x64.ActiveCfg = Release|x64
		{01C33EFC-C312-4153-93E4-30C0B7A755E8}.Release|x64.Build.0 = Release|x64
		{01C33EFC-C312-4153-93E4-30C0B7A755E8}.Release|x86.ActiveCfg = Release|Win32
		{01C33EFC-C312-4153-93E4-30C0B7A755E8}.Release|x86.Build.0 = Release|Win32
	EndGlobalSection
	GlobalSection(SolutionProperties) = preSolution
		HideSolutionNode = FALSE
	EndGlobalSection
	GlobalSection(ExtensibilityGlobals) = postSolution
		SolutionGuid = {6D33A87A-A6E5-4BA0-A380-0ACF739188AD}
	EndGlobalSection
EndGlobal
